
Microsoft Visual Studio Solution File, Format Version 12.00
# Visual Studio Version 17
VisualStudioVersion = 17.9.34701.34
MinimumVisualStudioVersion = 10.0.40219.1
Project("{FAE04EC0-301F-11D3-BF4B-00C04F79EFBC}") = "PolyMorfihism", "PolyMorfihism.csproj", "{16E08016-3466-4F07-A27E-9F1675AC43A0}"
EndProject
Global
	GlobalSection(SolutionConfigurationPlatforms) = preSolution
		Debug|Any CPU = Debug|Any CPU
		Release|Any CPU = Release|Any CPU
	EndGlobalSection
	GlobalSection(ProjectConfigurationPlatforms) = postSolution
		{16E08016-3466-4F07-A27E-9F1675AC43A0}.Debug|Any CPU.ActiveCfg = Debug|Any CPU
		{16E08016-3466-4F07-A27E-9F1675AC43A0}.Debug|Any CPU.Build.0 = Debug|Any CPU
		{16E08016-3466-4F07-A27E-9F1675AC43A0}.Release|Any CPU.ActiveCfg = Release|Any CPU
		{16E08016-3466-4F07-A27E-9F1675AC43A0}.Release|Any CPU.Build.0 = Release|Any CPU
	EndGlobalSection
	GlobalSection(SolutionProperties) = preSolution
		HideSolutionNode = FALSE
	EndGlobalSection
	GlobalSection(ExtensibilityGlobals) = postSolution
		SolutionGuid = {7C29D1B4-7FCB-4AFF-B57B-45BE6730421D}
	EndGlobalSection
EndGlobal
